// !$*UTF8*$!
{
	archiveVersion = 1;
	classes = {
	};
	objectVersion = 46;
	objects = {

/* Begin PBXBuildFile section */
		69981DD321BA4E390008ED90 /* AppDelegate.swift in Sources */ = {isa = PBXBuildFile; fileRef = 69981DD221BA4E390008ED90 /* AppDelegate.swift */; };
		69981DD521BA4E390008ED90 /* LoginViewController.swift in Sources */ = {isa = PBXBuildFile; fileRef = 69981DD421BA4E390008ED90 /* LoginViewController.swift */; };
		69981DD821BA4E390008ED90 /* Login.storyboard in Resources */ = {isa = PBXBuildFile; fileRef = 69981DD621BA4E390008ED90 /* Login.storyboard */; };
		69981DDA21BA4E390008ED90 /* Assets.xcassets in Resources */ = {isa = PBXBuildFile; fileRef = 69981DD921BA4E390008ED90 /* Assets.xcassets */; };
		69981DDD21BA4E390008ED90 /* LaunchScreen.storyboard in Resources */ = {isa = PBXBuildFile; fileRef = 69981DDB21BA4E390008ED90 /* LaunchScreen.storyboard */; };
		69981DE821BA4E3A0008ED90 /* MyLoginAppTests.swift in Sources */ = {isa = PBXBuildFile; fileRef = 69981DE721BA4E3A0008ED90 /* MyLoginAppTests.swift */; };
/* End PBXBuildFile section */

/* Begin PBXContainerItemProxy section */
		69981DE421BA4E3A0008ED90 /* PBXContainerItemProxy */ = {
			isa = PBXContainerItemProxy;
			containerPortal = 69981DC721BA4E390008ED90 /* Project object */;
			proxyType = 1;
			remoteGlobalIDString = 69981DCE21BA4E390008ED90;
			remoteInfo = MyLoginApp;
		};
/* End PBXContainerItemProxy section */

/* Begin PBXFileReference section */
		69981DCF21BA4E390008ED90 /* MyLoginApp.app */ = {isa = PBXFileReference; explicitFileType = wrapper.application; includeInIndex = 0; path = MyLoginApp.app; sourceTree = BUILT_PRODUCTS_DIR; };
		69981DD221BA4E390008ED90 /* AppDelegate.swift */ = {isa = PBXFileReference; lastKnownFileType = sourcecode.swift; path = AppDelegate.swift; sourceTree = "<group>"; };
		69981DD421BA4E390008ED90 /* LoginViewController.swift */ = {isa = PBXFileReference; lastKnownFileType = sourcecode.swift; path = LoginViewController.swift; sourceTree = "<group>"; };
		69981DD721BA4E390008ED90 /* Base */ = {isa = PBXFileReference; lastKnownFileType = file.storyboard; name = Base; path = Base.lproj/Login.storyboard; sourceTree = "<group>"; };
		69981DD921BA4E390008ED90 /* Assets.xcassets */ = {isa = PBXFileReference; lastKnownFileType = folder.assetcatalog; path = Assets.xcassets; sourceTree = "<group>"; };
		69981DDC21BA4E390008ED90 /* Base */ = {isa = PBXFileReference; lastKnownFileType = file.storyboard; name = Base; path = Base.lproj/LaunchScreen.storyboard; sourceTree = "<group>"; };
		69981DDE21BA4E390008ED90 /* Info.plist */ = {isa = PBXFileReference; lastKnownFileType = text.plist.xml; path = Info.plist; sourceTree = "<group>"; };
		69981DE321BA4E3A0008ED90 /* MyLoginAppTests.xctest */ = {isa = PBXFileReference; explicitFileType = wrapper.cfbundle; includeInIndex = 0; path = MyLoginAppTests.xctest; sourceTree = BUILT_PRODUCTS_DIR; };
		69981DE721BA4E3A0008ED90 /* MyLoginAppTests.swift */ = {isa = PBXFileReference; lastKnownFileType = sourcecode.swift; path = MyLoginAppTests.swift; sourceTree = "<group>"; };
		69981DE921BA4E3A0008ED90 /* Info.plist */ = {isa = PBXFileReference; lastKnownFileType = text.plist.xml; path = Info.plist; sourceTree = "<group>"; };
/* End PBXFileReference section */

/* Begin PBXFrameworksBuildPhase section */
		69981DCC21BA4E390008ED90 /* Frameworks */ = {
			isa = PBXFrameworksBuildPhase;
			buildActionMask = 2147483647;
			files = (
			);
			runOnlyForDeploymentPostprocessing = 0;
		};
		69981DE021BA4E3A0008ED90 /* Frameworks */ = {
			isa = PBXFrameworksBuildPhase;
			buildActionMask = 2147483647;
			files = (
			);
			runOnlyForDeploymentPostprocessing = 0;
		};
/* End PBXFrameworksBuildPhase section */

/* Begin PBXGroup section */
		69981DC621BA4E390008ED90 = {
			isa = PBXGroup;
			children = (
				69981DD121BA4E390008ED90 /* MyLoginApp */,
				69981DE621BA4E3A0008ED90 /* MyLoginAppTests */,
				69981DD021BA4E390008ED90 /* Products */,
			);
			sourceTree = "<group>";
		};
		69981DD021BA4E390008ED90 /* Products */ = {
			isa = PBXGroup;
			children = (
				69981DCF21BA4E390008ED90 /* MyLoginApp.app */,
				69981DE321BA4E3A0008ED90 /* MyLoginAppTests.xctest */,
			);
			name = Products;
			sourceTree = "<group>";
		};
		69981DD121BA4E390008ED90 /* MyLoginApp */ = {
			isa = PBXGroup;
			children = (
				69981DD221BA4E390008ED90 /* AppDelegate.swift */,
				69981DF521BA67B10008ED90 /* Model */,
				69981DF421BA67A70008ED90 /* View */,
				69981DD921BA4E390008ED90 /* Assets.xcassets */,
				69981DDB21BA4E390008ED90 /* LaunchScreen.storyboard */,
				69981DDE21BA4E390008ED90 /* Info.plist */,
			);
			path = MyLoginApp;
			sourceTree = "<group>";
		};
		69981DE621BA4E3A0008ED90 /* MyLoginAppTests */ = {
			isa = PBXGroup;
			children = (
				69981DE721BA4E3A0008ED90 /* MyLoginAppTests.swift */,
				69981DE921BA4E3A0008ED90 /* Info.plist */,
			);
			path = MyLoginAppTests;
			sourceTree = "<group>";
		};
		69981DF421BA67A70008ED90 /* View */ = {
			isa = PBXGroup;
			children = (
				69981DD421BA4E390008ED90 /* LoginViewController.swift */,
				69981DD621BA4E390008ED90 /* Login.storyboard */,
			);
			name = View;
			sourceTree = "<group>";
		};
		69981DF521BA67B10008ED90 /* Model */ = {
			isa = PBXGroup;
			children = (
			);
			name = Model;
			sourceTree = "<group>";
		};
/* End PBXGroup section */

/* Begin PBXNativeTarget section */
		69981DCE21BA4E390008ED90 /* MyLoginApp */ = {
			isa = PBXNativeTarget;
			buildConfigurationList = 69981DEC21BA4E3A0008ED90 /* Build configuration list for PBXNativeTarget "MyLoginApp" */;
			buildPhases = (
				69981DCB21BA4E390008ED90 /* Sources */,
				69981DCC21BA4E390008ED90 /* Frameworks */,
				69981DCD21BA4E390008ED90 /* Resources */,
			);
			buildRules = (
			);
			dependencies = (
			);
			name = MyLoginApp;
			productName = MyLoginApp;
			productReference = 69981DCF21BA4E390008ED90 /* MyLoginApp.app */;
			productType = "com.apple.product-type.application";
		};
		69981DE221BA4E3A0008ED90 /* MyLoginAppTests */ = {
			isa = PBXNativeTarget;
			buildConfigurationList = 69981DEF21BA4E3A0008ED90 /* Build configuration list for PBXNativeTarget "MyLoginAppTests" */;
			buildPhases = (
				69981DDF21BA4E3A0008ED90 /* Sources */,
				69981DE021BA4E3A0008ED90 /* Frameworks */,
				69981DE121BA4E3A0008ED90 /* Resources */,
			);
			buildRules = (
			);
			dependencies = (
				69981DE521BA4E3A0008ED90 /* PBXTargetDependency */,
			);
			name = MyLoginAppTests;
			productName = MyLoginAppTests;
			productReference = 69981DE321BA4E3A0008ED90 /* MyLoginAppTests.xctest */;
			productType = "com.apple.product-type.bundle.unit-test";
		};
/* End PBXNativeTarget section */

/* Begin PBXProject section */
		69981DC721BA4E390008ED90 /* Project object */ = {
			isa = PBXProject;
			attributes = {
				LastSwiftUpdateCheck = 0820;
				LastUpgradeCheck = 0820;
				ORGANIZATIONNAME = Iyyappan;
				TargetAttributes = {
					69981DCE21BA4E390008ED90 = {
						CreatedOnToolsVersion = 8.2.1;
						ProvisioningStyle = Automatic;
					};
					69981DE221BA4E3A0008ED90 = {
						CreatedOnToolsVersion = 8.2.1;
						ProvisioningStyle = Automatic;
						TestTargetID = 69981DCE21BA4E390008ED90;
					};
				};
			};
			buildConfigurationList = 69981DCA21BA4E390008ED90 /* Build configuration list for PBXProject "MyLoginApp" */;
			compatibilityVersion = "Xcode 3.2";
			developmentRegion = English;
			hasScannedForEncodings = 0;
			knownRegions = (
				en,
				Base,
			);
			mainGroup = 69981DC621BA4E390008ED90;
			productRefGroup = 69981DD021BA4E390008ED90 /* Products */;
			projectDirPath = "";
			projectRoot = "";
			targets = (
				69981DCE21BA4E390008ED90 /* MyLoginApp */,
				69981DE221BA4E3A0008ED90 /* MyLoginAppTests */,
			);
		};
/* End PBXProject section */

/* Begin PBXResourcesBuildPhase section */
		69981DCD21BA4E390008ED90 /* Resources */ = {
			isa = PBXResourcesBuildPhase;
			buildActionMask = 2147483647;
			files = (
				69981DDD21BA4E390008ED90 /* LaunchScreen.storyboard in Resources */,
				69981DDA21BA4E390008ED90 /* Assets.xcassets in Resources */,
				69981DD821BA4E390008ED90 /* Login.storyboard in Resources */,
			);
			runOnlyForDeploymentPostprocessing = 0;
		};
		69981DE121BA4E3A0008ED90 /* Resources */ = {
			isa = PBXResourcesBuildPhase;
			buildActionMask = 2147483647;
			files = (
			);
			runOnlyForDeploymentPostprocessing = 0;
		};
/* End PBXResourcesBuildPhase section */

/* Begin PBXSourcesBuildPhase section */
		69981DCB21BA4E390008ED90 /* Sources */ = {
			isa = PBXSourcesBuildPhase;
			buildActionMask = 2147483647;
			files = (
				69981DD521BA4E390008ED90 /* LoginViewController.swift in Sources */,
				69981DD321BA4E390008ED90 /* AppDelegate.swift in Sources */,
			);
			runOnlyForDeploymentPostprocessing = 0;
		};
		69981DDF21BA4E3A0008ED90 /* Sources */ = {
			isa = PBXSourcesBuildPhase;
			buildActionMask = 2147483647;
			files = (
				69981DE821BA4E3A0008ED90 /* MyLoginAppTests.swift in Sources */,
			);
			runOnlyForDeploymentPostprocessing = 0;
		};
/* End PBXSourcesBuildPhase section */

/* Begin PBXTargetDependency section */
		69981DE521BA4E3A0008ED90 /* PBXTargetDependency */ = {
			isa = PBXTargetDependency;
			target = 69981DCE21BA4E390008ED90 /* MyLoginApp */;
			targetProxy = 69981DE421BA4E3A0008ED90 /* PBXContainerItemProxy */;
		};
/* End PBXTargetDependency section */

/* Begin PBXVariantGroup section */
		69981DD621BA4E390008ED90 /* Login.storyboard */ = {
			isa = PBXVariantGroup;
			children = (
				69981DD721BA4E390008ED90 /* Base */,
			);
			name = Login.storyboard;
			sourceTree = "<group>";
		};
		69981DDB21BA4E390008ED90 /* LaunchScreen.storyboard */ = {
			isa = PBXVariantGroup;
			children = (
				69981DDC21BA4E390008ED90 /* Base */,
			);
			name = LaunchScreen.storyboard;
			sourceTree = "<group>";
		};
/* End PBXVariantGroup section */

/* Begin XCBuildConfiguration section */
		69981DEA21BA4E3A0008ED90 /* Debug */ = {
			isa = XCBuildConfiguration;
			buildSettings = {
				ALWAYS_SEARCH_USER_PATHS = NO;
				CLANG_ANALYZER_NONNULL = YES;
				CLANG_CXX_LANGUAGE_STANDARD = "gnu++0x";
				CLANG_CXX_LIBRARY = "libc++";
				CLANG_ENABLE_MODULES = YES;
				CLANG_ENABLE_OBJC_ARC = YES;
				CLANG_WARN_BOOL_CONVERSION = YES;
				CLANG_WARN_CONSTANT_CONVERSION = YES;
				CLANG_WARN_DIRECT_OBJC_ISA_USAGE = YES_ERROR;
				CLANG_WARN_DOCUMENTATION_COMMENTS = YES;
				CLANG_WARN_EMPTY_BODY = YES;
				CLANG_WARN_ENUM_CONVERSION = YES;
				CLANG_WARN_INFINITE_RECURSION = YES;
				CLANG_WARN_INT_CONVERSION = YES;
				CLANG_WARN_OBJC_ROOT_CLASS = YES_ERROR;
				CLANG_WARN_SUSPICIOUS_MOVE = YES;
				CLANG_WARN_UNREACHABLE_CODE = YES;
				CLANG_WARN__DUPLICATE_METHOD_MATCH = YES;
				"CODE_SIGN_IDENTITY[sdk=iphoneos*]" = "iPhone Developer";
				COPY_PHASE_STRIP = NO;
				DEBUG_INFORMATION_FORMAT = dwarf;
				ENABLE_STRICT_OBJC_MSGSEND = YES;
				ENABLE_TESTABILITY = YES;
				GCC_C_LANGUAGE_STANDARD = gnu99;
				GCC_DYNAMIC_NO_PIC = NO;
				GCC_NO_COMMON_BLOCKS = YES;
				GCC_OPTIMIZATION_LEVEL = 0;
				GCC_PREPROCESSOR_DEFINITIONS = (
					"DEBUG=1",
					"$(inherited)",
				);
				GCC_WARN_64_TO_32_BIT_CONVERSION = YES;
				GCC_WARN_ABOUT_RETURN_TYPE = YES_ERROR;
				GCC_WARN_UNDECLARED_SELECTOR = YES;
				GCC_WARN_UNINITIALIZED_AUTOS = YES_AGGRESSIVE;
				GCC_WARN_UNUSED_FUNCTION = YES;
				GCC_WARN_UNUSED_VARIABLE = YES;
				IPHONEOS_DEPLOYMENT_TARGET = 9.0;
				MTL_ENABLE_DEBUG_INFO = YES;
				ONLY_ACTIVE_ARCH = YES;
				SDKROOT = iphoneos;
				SWIFT_ACTIVE_COMPILATION_CONDITIONS = DEBUG;
				SWIFT_OPTIMIZATION_LEVEL = "-Onone";
				SWIFT_VERSION = 2.3;
				TARGETED_DEVICE_FAMILY = 2;
			};
			name = Debug;
		};
		69981DEB21BA4E3A0008ED90 /* Release */ = {
			isa = XCBuildConfiguration;
			buildSettings = {
				ALWAYS_SEARCH_USER_PATHS = NO;
				CLANG_ANALYZER_NONNULL = YES;
				CLANG_CXX_LANGUAGE_STANDARD = "gnu++0x";
				CLANG_CXX_LIBRARY = "libc++";
				CLANG_ENABLE_MODULES = YES;
				CLANG_ENABLE_OBJC_ARC = YES;
				CLANG_WARN_BOOL_CONVERSION = YES;
				CLANG_WARN_CONSTANT_CONVERSION = YES;
				CLANG_WARN_DIRECT_OBJC_ISA_USAGE = YES_ERROR;
				CLANG_WARN_DOCUMENTATION_COMMENTS = YES;
				CLANG_WARN_EMPTY_BODY = YES;
				CLANG_WARN_ENUM_CONVERSION = YES;
				CLANG_WARN_INFINITE_RECURSION = YES;
				CLANG_WARN_INT_CONVERSION = YES;
				CLANG_WARN_OBJC_ROOT_CLASS = YES_ERROR;
				CLANG_WARN_SUSPICIOUS_MOVE = YES;
				CLANG_WARN_UNREACHABLE_CODE = YES;
				CLANG_WARN__DUPLICATE_METHOD_MATCH = YES;
				"CODE_SIGN_IDENTITY[sdk=iphoneos*]" = "iPhone Developer";
				COPY_PHASE_STRIP = NO;
				DEBUG_INFORMATION_FORMAT = "dwarf-with-dsym";
				ENABLE_NS_ASSERTIONS = NO;
				ENABLE_STRICT_OBJC_MSGSEND = YES;
				GCC_C_LANGUAGE_STANDARD = gnu99;
				GCC_NO_COMMON_BLOCKS = YES;
				GCC_WARN_64_TO_32_BIT_CONVERSION = YES;
				GCC_WARN_ABOUT_RETURN_TYPE = YES_ERROR;
				GCC_WARN_UNDECLARED_SELECTOR = YES;
				GCC_WARN_UNINITIALIZED_AUTOS = YES_AGGRESSIVE;
				GCC_WARN_UNUSED_FUNCTION = YES;
				GCC_WARN_UNUSED_VARIABLE = YES;
				IPHONEOS_DEPLOYMENT_TARGET = 9.0;
				MTL_ENABLE_DEBUG_INFO = NO;
				SDKROOT = iphoneos;
				SWIFT_OPTIMIZATION_LEVEL = "-Owholemodule";
				SWIFT_VERSION = 2.3;
				TARGETED_DEVICE_FAMILY = 2;
				VALIDATE_PRODUCT = YES;
			};
			name = Release;
		};
		69981DED21BA4E3A0008ED90 /* Debug */ = {
			isa = XCBuildConfiguration;
			buildSettings = {
				ASSETCATALOG_COMPILER_APPICON_NAME = AppIcon;
				INFOPLIST_FILE = MyLoginApp/Info.plist;
				IPHONEOS_DEPLOYMENT_TARGET = 9.0;
				LD_RUNPATH_SEARCH_PATHS = "$(inherited) @executable_path/Frameworks";
				PRODUCT_BUNDLE_IDENTIFIER = TCS.MyLoginApp;
				PRODUCT_NAME = "$(TARGET_NAME)";
				SWIFT_VERSION = 3.0;
				TARGETED_DEVICE_FAMILY = 1;
			};
			name = Debug;
		};
		69981DEE21BA4E3A0008ED90 /* Release */ = {
			isa = XCBuildConfiguration;
			buildSettings = {
				ASSETCATALOG_COMPILER_APPICON_NAME = AppIcon;
				INFOPLIST_FILE = MyLoginApp/Info.plist;
				IPHONEOS_DEPLOYMENT_TARGET = 9.0;
				LD_RUNPATH_SEARCH_PATHS = "$(inherited) @executable_path/Frameworks";
				PRODUCT_BUNDLE_IDENTIFIER = TCS.MyLoginApp;
				PRODUCT_NAME = "$(TARGET_NAME)";
				SWIFT_VERSION = 3.0;
				TARGETED_DEVICE_FAMILY = 1;
			};
			name = Release;
		};
		69981DF021BA4E3A0008ED90 /* Debug */ = {
			isa = XCBuildConfiguration;
			buildSettings = {
				ALWAYS_EMBED_SWIFT_STANDARD_LIBRARIES = YES;
				BUNDLE_LOADER = "$(TEST_HOST)";
				INFOPLIST_FILE = MyLoginAppTests/Info.plist;
				LD_RUNPATH_SEARCH_PATHS = "$(inherited) @executable_path/Frameworks @loader_path/Frameworks";
				PRODUCT_BUNDLE_IDENTIFIER = TCS.MyLoginAppTests;
				PRODUCT_NAME = "$(TARGET_NAME)";
				SWIFT_VERSION = 3.0;
				TEST_HOST = "$(BUILT_PRODUCTS_DIR)/MyLoginApp.app/MyLoginApp";
			};
			name = Debug;
		};
		69981DF121BA4E3A0008ED90 /* Release */ = {
			isa = XCBuildConfiguration;
			buildSettings = {
				ALWAYS_EMBED_SWIFT_STANDARD_LIBRARIES = YES;
				BUNDLE_LOADER = "$(TEST_HOST)";
				INFOPLIST_FILE = MyLoginAppTests/Info.plist;
				LD_RUNPATH_SEARCH_PATHS = "$(inherited) @executable_path/Frameworks @loader_path/Frameworks";
				PRODUCT_BUNDLE_IDENTIFIER = TCS.MyLoginAppTests;
				PRODUCT_NAME = "$(TARGET_NAME)";
				SWIFT_VERSION = 3.0;
				TEST_HOST = "$(BUILT_PRODUCTS_DIR)/MyLoginApp.app/MyLoginApp";
			};
			name = Release;
		};
/* End XCBuildConfiguration section */

/* Begin XCConfigurationList section */
		69981DCA21BA4E390008ED90 /* Build configuration list for PBXProject "MyLoginApp" */ = {
			isa = XCConfigurationList;
			buildConfigurations = (
				69981DEA21BA4E3A0008ED90 /* Debug */,
				69981DEB21BA4E3A0008ED90 /* Release */,
			);
			defaultConfigurationIsVisible = 0;
			defaultConfigurationName = Release;
		};
		69981DEC21BA4E3A0008ED90 /* Build configuration list for PBXNativeTarget "MyLoginApp" */ = {
			isa = XCConfigurationList;
			buildConfigurations = (
				69981DED21BA4E3A0008ED90 /* Debug */,
				69981DEE21BA4E3A0008ED90 /* Release */,
			);
			defaultConfigurationIsVisible = 0;
		};
		69981DEF21BA4E3A0008ED90 /* Build configuration list for PBXNativeTarget "MyLoginAppTests" */ = {
			isa = XCConfigurationList;
			buildConfigurations = (
				69981DF021BA4E3A0008ED90 /* Debug */,
				69981DF121BA4E3A0008ED90 /* Release */,
			);
			defaultConfigurationIsVisible = 0;
		};
/* End XCConfigurationList section */
	};
	rootObject = 69981DC721BA4E390008ED90 /* Project object */;
}
